<?xml version="1.0" encoding="utf-8"?>
<Project ToolsVersion="4.0" xmlns="http://schemas.microsoft.com/developer/msbuild/2003">
  <ItemGroup>
    <ClInclude Include="..\cl\cl.h">
      <Filter>CL</Filter>
    </ClInclude>
    <ClInclude Include="..\cl\cl_platform.h">
      <Filter>CL</Filter>
    </ClInclude>
    <ClInclude Include="..\cl\cl_version.h">
      <Filter>CL</Filter>
    </ClInclude>
    <ClInclude Include="..\cl\opencl.h">
      <Filter>CL</Filter>
    </ClInclude>
    <ClInclude Include="..\rt.h">
      <Filter>rt</Filter>
    </ClInclude>
    <ClInclude Include="..\CL\ocl.h">
      <Filter>CL</Filter>
    </ClInclude>
    <ClInclude Include="..\fp16.h">
      <Filter>rt</Filter>
    </ClInclude>
    <ClInclude Include="..\blast.h" />
    <ClInclude Include="..\dot.h" />
  </ItemGroup>
  <ItemGroup>
    <Filter Include="CL">
      <UniqueIdentifier>{8e000bf1-1819-4a1c-89d2-5db40bf0f26a}</UniqueIdentifier>
    </Filter>
    <Filter Include="rt">
      <UniqueIdentifier>{39ca7733-73d4-459d-98c3-f8872fc7d550}</UniqueIdentifier>
    </Filter>
  </ItemGroup>
  <ItemGroup>
    <ClCompile Include="..\rt.c">
      <Filter>rt</Filter>
    </ClCompile>
    <ClCompile Include="..\CL\ocl.c">
      <Filter>CL</Filter>
    </ClCompile>
    <ClCompile Include="..\tests.c" />
    <ClCompile Include="..\blast.c" />
    <ClCompile Include="..\dot.c" />
  </ItemGroup>
  <ItemGroup>
    <None Include="..\CL\cl_bind.inc">
      <Filter>CL</Filter>
    </None>
    <None Include="..\blast.cl" />
  </ItemGroup>
  <ItemGroup>
    <ResourceCompile Include="..\blast.rc" />
  </ItemGroup>
</Project>